# This file is generated by running "yarn install" inside your project.
# Manual changes might be lost - proceed with caution!

__metadata:
  version: 6
  cacheKey: 8

"@babel/runtime@npm:^7.0.0":
  version: 7.0.0
  resolution: "@babel/runtime@npm:7.0.0"
  dependencies:
    regenerator-runtime: ^0.12.0
  checksum: 7dbeb4bfa5762b80b4137f21009d2b754dd1adba0390d909d53397c510c1e708677302774d69386f936a26fb898f055c32a0c668e2d908d78d36f76d0c3d04dd
  languageName: node
  linkType: hard

"change-emitter@npm:^0.1.2":
  version: 0.1.6
  resolution: "change-emitter@npm:0.1.6"
  checksum: 0ed494ba9901ca56ea6f942668fd294465c334a9a0981dca96da5aea5e387c0023a630d7c658c1b532d203db54c928ddca2564e434b4a8b7f6d39155d09db255
  languageName: node
  linkType: hard

"hoist-non-react-statics@npm:^2.3.1":
  version: 2.3.1
  resolution: "hoist-non-react-statics@npm:2.3.1"
  checksum: d214b338e43b97608e160dc7cb5d73d56a434af5975a136d0ce8f975ef4608ae0f86f2229713d0696d1445f0cacc837dafc2b86c18c41740efb6afbfe8483499
  languageName: node
  linkType: hard

"react-lifecycles-compat@npm:^3.0.2":
  version: 3.0.2
  resolution: "react-lifecycles-compat@npm:3.0.2"
  checksum: 43a2556783520f2174501a4b3e1dde0bf176e41acf49a7e839d9fcbdd7116c3c4547702dd305fbbdb11577cd9544d5f6cdcc55a39e5aa44b8e2a3cde4f7656a7
  languageName: node
  linkType: hard

"regenerator-runtime@npm:^0.12.0":
  version: 0.12.0
  resolution: "regenerator-runtime@npm:0.12.0"
  checksum: 70bd9d3ea22a2bdc390d61c42ced865ff8fd49d07cfd4711ab72ef8eecff5b5a5e1e03d96897cab7b489e4f828a35ec3ecd40aceb68feaafb65111ebb9ebdf0d
  languageName: node
  linkType: hard

"root-workspace-0b6124@workspace:.":
  version: 0.0.0-use.local
  resolution: "root-workspace-0b6124@workspace:."
  dependencies:
    "@babel/runtime": ^7.0.0
    change-emitter: ^0.1.2
    hoist-non-react-statics: ^2.3.1
    react-lifecycles-compat: ^3.0.2
    symbol-observable: ^1.0.4
  peerDependencies:
    react: ^0.14.0 || ^15.0.0 || ^16.0.0
  languageName: unknown
  linkType: soft

"symbol-observable@npm:^1.0.4":
  version: 1.0.4
  resolution: "symbol-observable@npm:1.0.4"
  checksum: 8d419e1d633a68f4352af5df8536dd87042df7e7291482253bf04ec0f5944abe786f7c44603a3044e83ec684a54d0f60042f2fd564c2d2c7d59704295c389d49
  languageName: node
  linkType: hard
