# This file is generated by running "yarn install" inside your project.
# Manual changes might be lost - proceed with caution!

__metadata:
  version: 6
  cacheKey: 8

"lodash@npm:^4.0.0":
  version: 4.17.4
  resolution: "lodash@npm:4.17.4"
  checksum: 5fbe7d7c79cd11830d3a827e9eaae688778bc9c7f719207c5fb1fed9b1e60766e50904832990f0fd087b81fe207e944c80b12df5330d00b2f4d5b9ebc7bb1f18
  languageName: node
  linkType: hard

"root-workspace-0b6124@workspace:.":
  version: 0.0.0-use.local
  resolution: "root-workspace-0b6124@workspace:."
  dependencies:
    lodash: ^4.0.0
  peerDependencies:
    react: ^0.14.0 || ^15.0.0
    react-relay: ^0.6.0 || ^0.7.0 || ^0.8.0 || ^0.9.0
    recompose: ^0.17.0 || ^0.18.0 || ^0.19.0 || ^0.20.0
  languageName: unknown
  linkType: soft
